// !$*UTF8*$!
{
	archiveVersion = 1;
	classes = {
	};
	objectVersion = 56;
	objects = {

/* Begin PBXBuildFile section */
		F91B27AB29FAB43200CFBA0A /* StackView.swift in Sources */ = {isa = PBXBuildFile; fileRef = F91B27AA29FAB43200CFBA0A /* StackView.swift */; };
		F91B27AD29FC15AB00CFBA0A /* PickerView.swift in Sources */ = {isa = PBXBuildFile; fileRef = F91B27AC29FC15AB00CFBA0A /* PickerView.swift */; };
		F91B27B029FC171D00CFBA0A /* ExperimentDataModel.xcdatamodeld in Sources */ = {isa = PBXBuildFile; fileRef = F91B27AE29FC171D00CFBA0A /* ExperimentDataModel.xcdatamodeld */; };
		F91B27B229FC190C00CFBA0A /* ColorDataController.swift in Sources */ = {isa = PBXBuildFile; fileRef = F91B27B129FC190C00CFBA0A /* ColorDataController.swift */; };
		F91B27B429FC196400CFBA0A /* ColorModel.swift in Sources */ = {isa = PBXBuildFile; fileRef = F91B27B329FC196400CFBA0A /* ColorModel.swift */; };
		F91B27B629FC1C4B00CFBA0A /* PickerDynamicView.swift in Sources */ = {isa = PBXBuildFile; fileRef = F91B27B529FC1C4B00CFBA0A /* PickerDynamicView.swift */; };
		F939768329CDE10700AE22AD /* FrameView.swift in Sources */ = {isa = PBXBuildFile; fileRef = F939768229CDE10700AE22AD /* FrameView.swift */; };
		F939768529CDE12900AE22AD /* ExperimentMenuView.swift in Sources */ = {isa = PBXBuildFile; fileRef = F939768429CDE12900AE22AD /* ExperimentMenuView.swift */; };
		F939768729CDEE3700AE22AD /* ExtractSubviewsView.swift in Sources */ = {isa = PBXBuildFile; fileRef = F939768629CDEE3700AE22AD /* ExtractSubviewsView.swift */; };
		F939768A29CDFA6F00AE22AD /* BindingView.swift in Sources */ = {isa = PBXBuildFile; fileRef = F939768929CDFA6F00AE22AD /* BindingView.swift */; };
		F939768C29CE016600AE22AD /* AnimationView.swift in Sources */ = {isa = PBXBuildFile; fileRef = F939768B29CE016600AE22AD /* AnimationView.swift */; };
		F939768E29CE0AFD00AE22AD /* AnimationTimingView.swift in Sources */ = {isa = PBXBuildFile; fileRef = F939768D29CE0AFD00AE22AD /* AnimationTimingView.swift */; };
		F93976BA29CEF18A00AE22AD /* ObservableObjectView.swift in Sources */ = {isa = PBXBuildFile; fileRef = F93976B929CEF18A00AE22AD /* ObservableObjectView.swift */; };
		F93976CE29CF05DB00AE22AD /* ViewModel.swift in Sources */ = {isa = PBXBuildFile; fileRef = F93976CD29CF05DB00AE22AD /* ViewModel.swift */; };
		F93976D029CF068E00AE22AD /* Converters.swift in Sources */ = {isa = PBXBuildFile; fileRef = F93976CF29CF068E00AE22AD /* Converters.swift */; };
		F93976D829CF07A100AE22AD /* ConverterTest.swift in Sources */ = {isa = PBXBuildFile; fileRef = F93976D729CF07A100AE22AD /* ConverterTest.swift */; };
		F93976DE29CF07C500AE22AD /* Converters.swift in Sources */ = {isa = PBXBuildFile; fileRef = F93976CF29CF068E00AE22AD /* Converters.swift */; };
		F93976E029CF0C0000AE22AD /* UnitTestView.swift in Sources */ = {isa = PBXBuildFile; fileRef = F93976DF29CF0C0000AE22AD /* UnitTestView.swift */; };
		F93976E229CF3E3E00AE22AD /* UITestingView.swift in Sources */ = {isa = PBXBuildFile; fileRef = F93976E129CF3E3E00AE22AD /* UITestingView.swift */; };
		F93976FE29CF512E00AE22AD /* experiment_UITests.swift in Sources */ = {isa = PBXBuildFile; fileRef = F93976FD29CF512E00AE22AD /* experiment_UITests.swift */; };
		F939770029CF512E00AE22AD /* experiment_UITestsLaunchTests.swift in Sources */ = {isa = PBXBuildFile; fileRef = F93976FF29CF512E00AE22AD /* experiment_UITestsLaunchTests.swift */; };
		F939773029D1967A00AE22AD /* BackgroundView.swift in Sources */ = {isa = PBXBuildFile; fileRef = F939772F29D1967A00AE22AD /* BackgroundView.swift */; };
		F991343B29F5361E00758FAD /* NavigationTestView.swift in Sources */ = {isa = PBXBuildFile; fileRef = F991343A29F5361E00758FAD /* NavigationTestView.swift */; };
		F9B3162E29D1AA0400746179 /* ToggleDarkModeView.swift in Sources */ = {isa = PBXBuildFile; fileRef = F9B3162D29D1AA0400746179 /* ToggleDarkModeView.swift */; };
		F9DC3AD529C9943500BB2AA3 /* ExperimentApp.swift in Sources */ = {isa = PBXBuildFile; fileRef = F9DC3AD429C9943500BB2AA3 /* ExperimentApp.swift */; };
		F9DC3AD729C9943500BB2AA3 /* ColorView.swift in Sources */ = {isa = PBXBuildFile; fileRef = F9DC3AD629C9943500BB2AA3 /* ColorView.swift */; };
		F9DC3AD929C9943700BB2AA3 /* Assets.xcassets in Resources */ = {isa = PBXBuildFile; fileRef = F9DC3AD829C9943700BB2AA3 /* Assets.xcassets */; };
		F9DC3ADC29C9943700BB2AA3 /* Preview Assets.xcassets in Resources */ = {isa = PBXBuildFile; fileRef = F9DC3ADB29C9943700BB2AA3 /* Preview Assets.xcassets */; };
		F9E8AFBD29CB393500A3441A /* TabBarView.swift in Sources */ = {isa = PBXBuildFile; fileRef = F9E8AFBC29CB393500A3441A /* TabBarView.swift */; };
		F9E8AFBF29CBA95100A3441A /* CallBackView.swift in Sources */ = {isa = PBXBuildFile; fileRef = F9E8AFBE29CBA95100A3441A /* CallBackView.swift */; };
/* End PBXBuildFile section */

/* Begin PBXContainerItemProxy section */
		F93976D929CF07A100AE22AD /* PBXContainerItemProxy */ = {
			isa = PBXContainerItemProxy;
			containerPortal = F9DC3AC929C9943400BB2AA3 /* Project object */;
			proxyType = 1;
			remoteGlobalIDString = F9DC3AD029C9943500BB2AA3;
			remoteInfo = experiment;
		};
		F939770129CF512E00AE22AD /* PBXContainerItemProxy */ = {
			isa = PBXContainerItemProxy;
			containerPortal = F9DC3AC929C9943400BB2AA3 /* Project object */;
			proxyType = 1;
			remoteGlobalIDString = F9DC3AD029C9943500BB2AA3;
			remoteInfo = experiment;
		};
/* End PBXContainerItemProxy section */

/* Begin PBXFileReference section */
		F91B27AA29FAB43200CFBA0A /* StackView.swift */ = {isa = PBXFileReference; lastKnownFileType = sourcecode.swift; path = StackView.swift; sourceTree = "<group>"; };
		F91B27AC29FC15AB00CFBA0A /* PickerView.swift */ = {isa = PBXFileReference; lastKnownFileType = sourcecode.swift; path = PickerView.swift; sourceTree = "<group>"; };
		F91B27AF29FC171D00CFBA0A /* ExperimentDataModel.xcdatamodel */ = {isa = PBXFileReference; lastKnownFileType = wrapper.xcdatamodel; path = ExperimentDataModel.xcdatamodel; sourceTree = "<group>"; };
		F91B27B129FC190C00CFBA0A /* ColorDataController.swift */ = {isa = PBXFileReference; lastKnownFileType = sourcecode.swift; path = ColorDataController.swift; sourceTree = "<group>"; };
		F91B27B329FC196400CFBA0A /* ColorModel.swift */ = {isa = PBXFileReference; lastKnownFileType = sourcecode.swift; path = ColorModel.swift; sourceTree = "<group>"; };
		F91B27B529FC1C4B00CFBA0A /* PickerDynamicView.swift */ = {isa = PBXFileReference; lastKnownFileType = sourcecode.swift; path = PickerDynamicView.swift; sourceTree = "<group>"; };
		F939768229CDE10700AE22AD /* FrameView.swift */ = {isa = PBXFileReference; lastKnownFileType = sourcecode.swift; path = FrameView.swift; sourceTree = "<group>"; };
		F939768429CDE12900AE22AD /* ExperimentMenuView.swift */ = {isa = PBXFileReference; lastKnownFileType = sourcecode.swift; path = ExperimentMenuView.swift; sourceTree = "<group>"; };
		F939768629CDEE3700AE22AD /* ExtractSubviewsView.swift */ = {isa = PBXFileReference; lastKnownFileType = sourcecode.swift; path = ExtractSubviewsView.swift; sourceTree = "<group>"; };
		F939768929CDFA6F00AE22AD /* BindingView.swift */ = {isa = PBXFileReference; lastKnownFileType = sourcecode.swift; path = BindingView.swift; sourceTree = "<group>"; };
		F939768B29CE016600AE22AD /* AnimationView.swift */ = {isa = PBXFileReference; lastKnownFileType = sourcecode.swift; path = AnimationView.swift; sourceTree = "<group>"; };
		F939768D29CE0AFD00AE22AD /* AnimationTimingView.swift */ = {isa = PBXFileReference; lastKnownFileType = sourcecode.swift; path = AnimationTimingView.swift; sourceTree = "<group>"; };
		F93976B929CEF18A00AE22AD /* ObservableObjectView.swift */ = {isa = PBXFileReference; lastKnownFileType = sourcecode.swift; path = ObservableObjectView.swift; sourceTree = "<group>"; };
		F93976CD29CF05DB00AE22AD /* ViewModel.swift */ = {isa = PBXFileReference; lastKnownFileType = sourcecode.swift; path = ViewModel.swift; sourceTree = "<group>"; };
		F93976CF29CF068E00AE22AD /* Converters.swift */ = {isa = PBXFileReference; lastKnownFileType = sourcecode.swift; path = Converters.swift; sourceTree = "<group>"; };
		F93976D529CF07A100AE22AD /* ConverterTest.xctest */ = {isa = PBXFileReference; explicitFileType = wrapper.cfbundle; includeInIndex = 0; path = ConverterTest.xctest; sourceTree = BUILT_PRODUCTS_DIR; };
		F93976D729CF07A100AE22AD /* ConverterTest.swift */ = {isa = PBXFileReference; lastKnownFileType = sourcecode.swift; path = ConverterTest.swift; sourceTree = "<group>"; };
		F93976DF29CF0C0000AE22AD /* UnitTestView.swift */ = {isa = PBXFileReference; lastKnownFileType = sourcecode.swift; path = UnitTestView.swift; sourceTree = "<group>"; };
		F93976E129CF3E3E00AE22AD /* UITestingView.swift */ = {isa = PBXFileReference; lastKnownFileType = sourcecode.swift; path = UITestingView.swift; sourceTree = "<group>"; };
		F93976FB29CF512E00AE22AD /* experiment_UITests.xctest */ = {isa = PBXFileReference; explicitFileType = wrapper.cfbundle; includeInIndex = 0; path = experiment_UITests.xctest; sourceTree = BUILT_PRODUCTS_DIR; };
		F93976FD29CF512E00AE22AD /* experiment_UITests.swift */ = {isa = PBXFileReference; lastKnownFileType = sourcecode.swift; path = experiment_UITests.swift; sourceTree = "<group>"; };
		F93976FF29CF512E00AE22AD /* experiment_UITestsLaunchTests.swift */ = {isa = PBXFileReference; lastKnownFileType = sourcecode.swift; path = experiment_UITestsLaunchTests.swift; sourceTree = "<group>"; };
		F939772F29D1967A00AE22AD /* BackgroundView.swift */ = {isa = PBXFileReference; lastKnownFileType = sourcecode.swift; path = BackgroundView.swift; sourceTree = "<group>"; };
		F991343A29F5361E00758FAD /* NavigationTestView.swift */ = {isa = PBXFileReference; lastKnownFileType = sourcecode.swift; path = NavigationTestView.swift; sourceTree = "<group>"; };
		F9B3162D29D1AA0400746179 /* ToggleDarkModeView.swift */ = {isa = PBXFileReference; lastKnownFileType = sourcecode.swift; path = ToggleDarkModeView.swift; sourceTree = "<group>"; };
		F9DC3AD129C9943500BB2AA3 /* experiment.app */ = {isa = PBXFileReference; explicitFileType = wrapper.application; includeInIndex = 0; path = experiment.app; sourceTree = BUILT_PRODUCTS_DIR; };
		F9DC3AD429C9943500BB2AA3 /* ExperimentApp.swift */ = {isa = PBXFileReference; lastKnownFileType = sourcecode.swift; path = ExperimentApp.swift; sourceTree = "<group>"; };
		F9DC3AD629C9943500BB2AA3 /* ColorView.swift */ = {isa = PBXFileReference; lastKnownFileType = sourcecode.swift; path = ColorView.swift; sourceTree = "<group>"; };
		F9DC3AD829C9943700BB2AA3 /* Assets.xcassets */ = {isa = PBXFileReference; lastKnownFileType = folder.assetcatalog; path = Assets.xcassets; sourceTree = "<group>"; };
		F9DC3ADB29C9943700BB2AA3 /* Preview Assets.xcassets */ = {isa = PBXFileReference; lastKnownFileType = folder.assetcatalog; path = "Preview Assets.xcassets"; sourceTree = "<group>"; };
		F9E8AFBC29CB393500A3441A /* TabBarView.swift */ = {isa = PBXFileReference; lastKnownFileType = sourcecode.swift; path = TabBarView.swift; sourceTree = "<group>"; };
		F9E8AFBE29CBA95100A3441A /* CallBackView.swift */ = {isa = PBXFileReference; lastKnownFileType = sourcecode.swift; path = CallBackView.swift; sourceTree = "<group>"; };
/* End PBXFileReference section */

/* Begin PBXFrameworksBuildPhase section */
		F93976D229CF07A100AE22AD /* Frameworks */ = {
			isa = PBXFrameworksBuildPhase;
			buildActionMask = 2147483647;
			files = (
			);
			runOnlyForDeploymentPostprocessing = 0;
		};
		F93976F829CF512E00AE22AD /* Frameworks */ = {
			isa = PBXFrameworksBuildPhase;
			buildActionMask = 2147483647;
			files = (
			);
			runOnlyForDeploymentPostprocessing = 0;
		};
		F9DC3ACE29C9943500BB2AA3 /* Frameworks */ = {
			isa = PBXFrameworksBuildPhase;
			buildActionMask = 2147483647;
			files = (
			);
			runOnlyForDeploymentPostprocessing = 0;
		};
/* End PBXFrameworksBuildPhase section */

/* Begin PBXGroup section */
		F939768829CDFA3F00AE22AD /* views */ = {
			isa = PBXGroup;
			children = (
				F939768429CDE12900AE22AD /* ExperimentMenuView.swift */,
				F939772F29D1967A00AE22AD /* BackgroundView.swift */,
				F9DC3AD629C9943500BB2AA3 /* ColorView.swift */,
				F9E8AFBC29CB393500A3441A /* TabBarView.swift */,
				F9E8AFBE29CBA95100A3441A /* CallBackView.swift */,
				F939768229CDE10700AE22AD /* FrameView.swift */,
				F939768629CDEE3700AE22AD /* ExtractSubviewsView.swift */,
				F939768929CDFA6F00AE22AD /* BindingView.swift */,
				F939768B29CE016600AE22AD /* AnimationView.swift */,
				F939768D29CE0AFD00AE22AD /* AnimationTimingView.swift */,
				F93976B929CEF18A00AE22AD /* ObservableObjectView.swift */,
				F93976E129CF3E3E00AE22AD /* UITestingView.swift */,
				F9B3162D29D1AA0400746179 /* ToggleDarkModeView.swift */,
				F991343A29F5361E00758FAD /* NavigationTestView.swift */,
				F91B27AA29FAB43200CFBA0A /* StackView.swift */,
				F91B27AC29FC15AB00CFBA0A /* PickerView.swift */,
				F91B27B529FC1C4B00CFBA0A /* PickerDynamicView.swift */,
			);
			path = views;
			sourceTree = "<group>";
		};
		F93976CC29CF05C900AE22AD /* test */ = {
			isa = PBXGroup;
			children = (
				F93976CD29CF05DB00AE22AD /* ViewModel.swift */,
				F93976CF29CF068E00AE22AD /* Converters.swift */,
				F93976DF29CF0C0000AE22AD /* UnitTestView.swift */,
			);
			path = test;
			sourceTree = "<group>";
		};
		F93976D629CF07A100AE22AD /* ConverterTest */ = {
			isa = PBXGroup;
			children = (
				F93976D729CF07A100AE22AD /* ConverterTest.swift */,
			);
			path = ConverterTest;
			sourceTree = "<group>";
		};
		F93976FC29CF512E00AE22AD /* experiment_UITests */ = {
			isa = PBXGroup;
			children = (
				F93976FD29CF512E00AE22AD /* experiment_UITests.swift */,
				F93976FF29CF512E00AE22AD /* experiment_UITestsLaunchTests.swift */,
			);
			path = experiment_UITests;
			sourceTree = "<group>";
		};
		F9DC3AC829C9943400BB2AA3 = {
			isa = PBXGroup;
			children = (
				F9DC3AD329C9943500BB2AA3 /* experiment */,
				F93976D629CF07A100AE22AD /* ConverterTest */,
				F93976FC29CF512E00AE22AD /* experiment_UITests */,
				F9DC3AD229C9943500BB2AA3 /* Products */,
			);
			sourceTree = "<group>";
		};
		F9DC3AD229C9943500BB2AA3 /* Products */ = {
			isa = PBXGroup;
			children = (
				F9DC3AD129C9943500BB2AA3 /* experiment.app */,
				F93976D529CF07A100AE22AD /* ConverterTest.xctest */,
				F93976FB29CF512E00AE22AD /* experiment_UITests.xctest */,
			);
			name = Products;
			sourceTree = "<group>";
		};
		F9DC3AD329C9943500BB2AA3 /* experiment */ = {
			isa = PBXGroup;
			children = (
				F91B27AE29FC171D00CFBA0A /* ExperimentDataModel.xcdatamodeld */,
				F91B27B129FC190C00CFBA0A /* ColorDataController.swift */,
				F9DC3AD429C9943500BB2AA3 /* ExperimentApp.swift */,
				F939768829CDFA3F00AE22AD /* views */,
				F93976CC29CF05C900AE22AD /* test */,
				F9DC3AD829C9943700BB2AA3 /* Assets.xcassets */,
				F9DC3ADA29C9943700BB2AA3 /* Preview Content */,
				F91B27B329FC196400CFBA0A /* ColorModel.swift */,
			);
			path = experiment;
			sourceTree = "<group>";
		};
		F9DC3ADA29C9943700BB2AA3 /* Preview Content */ = {
			isa = PBXGroup;
			children = (
				F9DC3ADB29C9943700BB2AA3 /* Preview Assets.xcassets */,
			);
			path = "Preview Content";
			sourceTree = "<group>";
		};
/* End PBXGroup section */

/* Begin PBXNativeTarget section */
		F93976D429CF07A100AE22AD /* ConverterTest */ = {
			isa = PBXNativeTarget;
			buildConfigurationList = F93976DB29CF07A100AE22AD /* Build configuration list for PBXNativeTarget "ConverterTest" */;
			buildPhases = (
				F93976D129CF07A100AE22AD /* Sources */,
				F93976D229CF07A100AE22AD /* Frameworks */,
				F93976D329CF07A100AE22AD /* Resources */,
			);
			buildRules = (
			);
			dependencies = (
				F93976DA29CF07A100AE22AD /* PBXTargetDependency */,
			);
			name = ConverterTest;
			productName = ConverterTest;
			productReference = F93976D529CF07A100AE22AD /* ConverterTest.xctest */;
			productType = "com.apple.product-type.bundle.unit-test";
		};
		F93976FA29CF512E00AE22AD /* experiment_UITests */ = {
			isa = PBXNativeTarget;
			buildConfigurationList = F939770329CF512E00AE22AD /* Build configuration list for PBXNativeTarget "experiment_UITests" */;
			buildPhases = (
				F93976F729CF512E00AE22AD /* Sources */,
				F93976F829CF512E00AE22AD /* Frameworks */,
				F93976F929CF512E00AE22AD /* Resources */,
			);
			buildRules = (
			);
			dependencies = (
				F939770229CF512E00AE22AD /* PBXTargetDependency */,
			);
			name = experiment_UITests;
			productName = experiment_UITests;
			productReference = F93976FB29CF512E00AE22AD /* experiment_UITests.xctest */;
			productType = "com.apple.product-type.bundle.ui-testing";
		};
		F9DC3AD029C9943500BB2AA3 /* experiment */ = {
			isa = PBXNativeTarget;
			buildConfigurationList = F9DC3ADF29C9943700BB2AA3 /* Build configuration list for PBXNativeTarget "experiment" */;
			buildPhases = (
				F9DC3ACD29C9943500BB2AA3 /* Sources */,
				F9DC3ACE29C9943500BB2AA3 /* Frameworks */,
				F9DC3ACF29C9943500BB2AA3 /* Resources */,
			);
			buildRules = (
			);
			dependencies = (
			);
			name = experiment;
			productName = experiment;
			productReference = F9DC3AD129C9943500BB2AA3 /* experiment.app */;
			productType = "com.apple.product-type.application";
		};
/* End PBXNativeTarget section */

/* Begin PBXProject section */
		F9DC3AC929C9943400BB2AA3 /* Project object */ = {
			isa = PBXProject;
			attributes = {
				BuildIndependentTargetsInParallel = 1;
				LastSwiftUpdateCheck = 1420;
				LastUpgradeCheck = 1420;
				TargetAttributes = {
					F93976D429CF07A100AE22AD = {
						CreatedOnToolsVersion = 14.2;
						TestTargetID = F9DC3AD029C9943500BB2AA3;
					};
					F93976FA29CF512E00AE22AD = {
						CreatedOnToolsVersion = 14.2;
						TestTargetID = F9DC3AD029C9943500BB2AA3;
					};
					F9DC3AD029C9943500BB2AA3 = {
						CreatedOnToolsVersion = 14.2;
					};
				};
			};
			buildConfigurationList = F9DC3ACC29C9943400BB2AA3 /* Build configuration list for PBXProject "experiment" */;
			compatibilityVersion = "Xcode 14.0";
			developmentRegion = en;
			hasScannedForEncodings = 0;
			knownRegions = (
				en,
				Base,
			);
			mainGroup = F9DC3AC829C9943400BB2AA3;
			productRefGroup = F9DC3AD229C9943500BB2AA3 /* Products */;
			projectDirPath = "";
			projectRoot = "";
			targets = (
				F9DC3AD029C9943500BB2AA3 /* experiment */,
				F93976D429CF07A100AE22AD /* ConverterTest */,
				F93976FA29CF512E00AE22AD /* experiment_UITests */,
			);
		};
/* End PBXProject section */

/* Begin PBXResourcesBuildPhase section */
		F93976D329CF07A100AE22AD /* Resources */ = {
			isa = PBXResourcesBuildPhase;
			buildActionMask = 2147483647;
			files = (
			);
			runOnlyForDeploymentPostprocessing = 0;
		};
		F93976F929CF512E00AE22AD /* Resources */ = {
			isa = PBXResourcesBuildPhase;
			buildActionMask = 2147483647;
			files = (
			);
			runOnlyForDeploymentPostprocessing = 0;
		};
		F9DC3ACF29C9943500BB2AA3 /* Resources */ = {
			isa = PBXResourcesBuildPhase;
			buildActionMask = 2147483647;
			files = (
				F9DC3ADC29C9943700BB2AA3 /* Preview Assets.xcassets in Resources */,
				F9DC3AD929C9943700BB2AA3 /* Assets.xcassets in Resources */,
			);
			runOnlyForDeploymentPostprocessing = 0;
		};
/* End PBXResourcesBuildPhase section */

/* Begin PBXSourcesBuildPhase section */
		F93976D129CF07A100AE22AD /* Sources */ = {
			isa = PBXSourcesBuildPhase;
			buildActionMask = 2147483647;
			files = (
				F93976DE29CF07C500AE22AD /* Converters.swift in Sources */,
				F93976D829CF07A100AE22AD /* ConverterTest.swift in Sources */,
			);
			runOnlyForDeploymentPostprocessing = 0;
		};
		F93976F729CF512E00AE22AD /* Sources */ = {
			isa = PBXSourcesBuildPhase;
			buildActionMask = 2147483647;
			files = (
				F93976FE29CF512E00AE22AD /* experiment_UITests.swift in Sources */,
				F939770029CF512E00AE22AD /* experiment_UITestsLaunchTests.swift in Sources */,
			);
			runOnlyForDeploymentPostprocessing = 0;
		};
		F9DC3ACD29C9943500BB2AA3 /* Sources */ = {
			isa = PBXSourcesBuildPhase;
			buildActionMask = 2147483647;
			files = (
				F91B27B629FC1C4B00CFBA0A /* PickerDynamicView.swift in Sources */,
				F9E8AFBF29CBA95100A3441A /* CallBackView.swift in Sources */,
				F9DC3AD729C9943500BB2AA3 /* ColorView.swift in Sources */,
				F93976E029CF0C0000AE22AD /* UnitTestView.swift in Sources */,
				F939768A29CDFA6F00AE22AD /* BindingView.swift in Sources */,
				F91B27B029FC171D00CFBA0A /* ExperimentDataModel.xcdatamodeld in Sources */,
				F9E8AFBD29CB393500A3441A /* TabBarView.swift in Sources */,
				F939768329CDE10700AE22AD /* FrameView.swift in Sources */,
				F91B27B429FC196400CFBA0A /* ColorModel.swift in Sources */,
				F939768529CDE12900AE22AD /* ExperimentMenuView.swift in Sources */,
				F939768C29CE016600AE22AD /* AnimationView.swift in Sources */,
				F91B27AD29FC15AB00CFBA0A /* PickerView.swift in Sources */,
				F91B27AB29FAB43200CFBA0A /* StackView.swift in Sources */,
				F93976D029CF068E00AE22AD /* Converters.swift in Sources */,
				F9B3162E29D1AA0400746179 /* ToggleDarkModeView.swift in Sources */,
				F991343B29F5361E00758FAD /* NavigationTestView.swift in Sources */,
				F93976E229CF3E3E00AE22AD /* UITestingView.swift in Sources */,
				F939773029D1967A00AE22AD /* BackgroundView.swift in Sources */,
				F939768E29CE0AFD00AE22AD /* AnimationTimingView.swift in Sources */,
				F93976BA29CEF18A00AE22AD /* ObservableObjectView.swift in Sources */,
				F9DC3AD529C9943500BB2AA3 /* ExperimentApp.swift in Sources */,
				F93976CE29CF05DB00AE22AD /* ViewModel.swift in Sources */,
				F939768729CDEE3700AE22AD /* ExtractSubviewsView.swift in Sources */,
				F91B27B229FC190C00CFBA0A /* ColorDataController.swift in Sources */,
			);
			runOnlyForDeploymentPostprocessing = 0;
		};
/* End PBXSourcesBuildPhase section */

/* Begin PBXTargetDependency section */
		F93976DA29CF07A100AE22AD /* PBXTargetDependency */ = {
			isa = PBXTargetDependency;
			target = F9DC3AD029C9943500BB2AA3 /* experiment */;
			targetProxy = F93976D929CF07A100AE22AD /* PBXContainerItemProxy */;
		};
		F939770229CF512E00AE22AD /* PBXTargetDependency */ = {
			isa = PBXTargetDependency;
			target = F9DC3AD029C9943500BB2AA3 /* experiment */;
			targetProxy = F939770129CF512E00AE22AD /* PBXContainerItemProxy */;
		};
/* End PBXTargetDependency section */

/* Begin XCBuildConfiguration section */
		F93976DC29CF07A100AE22AD /* Debug */ = {
			isa = XCBuildConfiguration;
			buildSettings = {
				BUNDLE_LOADER = "$(TEST_HOST)";
				CODE_SIGN_STYLE = Automatic;
				CURRENT_PROJECT_VERSION = 1;
				DEVELOPMENT_TEAM = 2DMW5G3LV8;
				GENERATE_INFOPLIST_FILE = YES;
				MARKETING_VERSION = 1.0;
				PRODUCT_BUNDLE_IDENTIFIER = com.spritelab.ConverterTest;
				PRODUCT_NAME = "$(TARGET_NAME)";
				SWIFT_EMIT_LOC_STRINGS = NO;
				SWIFT_VERSION = 5.0;
				TARGETED_DEVICE_FAMILY = "1,2";
				TEST_HOST = "$(BUILT_PRODUCTS_DIR)/experiment.app/$(BUNDLE_EXECUTABLE_FOLDER_PATH)/experiment";
			};
			name = Debug;
		};
		F93976DD29CF07A100AE22AD /* Release */ = {
			isa = XCBuildConfiguration;
			buildSettings = {
				BUNDLE_LOADER = "$(TEST_HOST)";
				CODE_SIGN_STYLE = Automatic;
				CURRENT_PROJECT_VERSION = 1;
				DEVELOPMENT_TEAM = 2DMW5G3LV8;
				GENERATE_INFOPLIST_FILE = YES;
				MARKETING_VERSION = 1.0;
				PRODUCT_BUNDLE_IDENTIFIER = com.spritelab.ConverterTest;
				PRODUCT_NAME = "$(TARGET_NAME)";
				SWIFT_EMIT_LOC_STRINGS = NO;
				SWIFT_VERSION = 5.0;
				TARGETED_DEVICE_FAMILY = "1,2";
				TEST_HOST = "$(BUILT_PRODUCTS_DIR)/experiment.app/$(BUNDLE_EXECUTABLE_FOLDER_PATH)/experiment";
			};
			name = Release;
		};
		F939770429CF512E00AE22AD /* Debug */ = {
			isa = XCBuildConfiguration;
			buildSettings = {
				CODE_SIGN_STYLE = Automatic;
				CURRENT_PROJECT_VERSION = 1;
				DEVELOPMENT_TEAM = 2DMW5G3LV8;
				GENERATE_INFOPLIST_FILE = YES;
				MARKETING_VERSION = 1.0;
				PRODUCT_BUNDLE_IDENTIFIER = "com.spritelab.experiment-UITests";
				PRODUCT_NAME = "$(TARGET_NAME)";
				SWIFT_EMIT_LOC_STRINGS = NO;
				SWIFT_VERSION = 5.0;
				TARGETED_DEVICE_FAMILY = "1,2";
				TEST_TARGET_NAME = experiment;
			};
			name = Debug;
		};
		F939770529CF512E00AE22AD /* Release */ = {
			isa = XCBuildConfiguration;
			buildSettings = {
				CODE_SIGN_STYLE = Automatic;
				CURRENT_PROJECT_VERSION = 1;
				DEVELOPMENT_TEAM = 2DMW5G3LV8;
				GENERATE_INFOPLIST_FILE = YES;
				MARKETING_VERSION = 1.0;
				PRODUCT_BUNDLE_IDENTIFIER = "com.spritelab.experiment-UITests";
				PRODUCT_NAME = "$(TARGET_NAME)";
				SWIFT_EMIT_LOC_STRINGS = NO;
				SWIFT_VERSION = 5.0;
				TARGETED_DEVICE_FAMILY = "1,2";
				TEST_TARGET_NAME = experiment;
			};
			name = Release;
		};
		F9DC3ADD29C9943700BB2AA3 /* Debug */ = {
			isa = XCBuildConfiguration;
			buildSettings = {
				ALWAYS_SEARCH_USER_PATHS = NO;
				CLANG_ANALYZER_NONNULL = YES;
				CLANG_ANALYZER_NUMBER_OBJECT_CONVERSION = YES_AGGRESSIVE;
				CLANG_CXX_LANGUAGE_STANDARD = "gnu++20";
				CLANG_ENABLE_MODULES = YES;
				CLANG_ENABLE_OBJC_ARC = YES;
				CLANG_ENABLE_OBJC_WEAK = YES;
				CLANG_WARN_BLOCK_CAPTURE_AUTORELEASING = YES;
				CLANG_WARN_BOOL_CONVERSION = YES;
				CLANG_WARN_COMMA = YES;
				CLANG_WARN_CONSTANT_CONVERSION = YES;
				CLANG_WARN_DEPRECATED_OBJC_IMPLEMENTATIONS = YES;
				CLANG_WARN_DIRECT_OBJC_ISA_USAGE = YES_ERROR;
				CLANG_WARN_DOCUMENTATION_COMMENTS = YES;
				CLANG_WARN_EMPTY_BODY = YES;
				CLANG_WARN_ENUM_CONVERSION = YES;
				CLANG_WARN_INFINITE_RECURSION = YES;
				CLANG_WARN_INT_CONVERSION = YES;
				CLANG_WARN_NON_LITERAL_NULL_CONVERSION = YES;
				CLANG_WARN_OBJC_IMPLICIT_RETAIN_SELF = YES;
				CLANG_WARN_OBJC_LITERAL_CONVERSION = YES;
				CLANG_WARN_OBJC_ROOT_CLASS = YES_ERROR;
				CLANG_WARN_QUOTED_INCLUDE_IN_FRAMEWORK_HEADER = YES;
				CLANG_WARN_RANGE_LOOP_ANALYSIS = YES;
				CLANG_WARN_STRICT_PROTOTYPES = YES;
				CLANG_WARN_SUSPICIOUS_MOVE = YES;
				CLANG_WARN_UNGUARDED_AVAILABILITY = YES_AGGRESSIVE;
				CLANG_WARN_UNREACHABLE_CODE = YES;
				CLANG_WARN__DUPLICATE_METHOD_MATCH = YES;
				COPY_PHASE_STRIP = NO;
				DEBUG_INFORMATION_FORMAT = dwarf;
				ENABLE_STRICT_OBJC_MSGSEND = YES;
				ENABLE_TESTABILITY = YES;
				GCC_C_LANGUAGE_STANDARD = gnu11;
				GCC_DYNAMIC_NO_PIC = NO;
				GCC_NO_COMMON_BLOCKS = YES;
				GCC_OPTIMIZATION_LEVEL = 0;
				GCC_PREPROCESSOR_DEFINITIONS = (
					"DEBUG=1",
					"$(inherited)",
				);
				GCC_WARN_64_TO_32_BIT_CONVERSION = YES;
				GCC_WARN_ABOUT_RETURN_TYPE = YES_ERROR;
				GCC_WARN_UNDECLARED_SELECTOR = YES;
				GCC_WARN_UNINITIALIZED_AUTOS = YES_AGGRESSIVE;
				GCC_WARN_UNUSED_FUNCTION = YES;
				GCC_WARN_UNUSED_VARIABLE = YES;
				IPHONEOS_DEPLOYMENT_TARGET = 16.2;
				MTL_ENABLE_DEBUG_INFO = INCLUDE_SOURCE;
				MTL_FAST_MATH = YES;
				ONLY_ACTIVE_ARCH = YES;
				SDKROOT = iphoneos;
				SWIFT_ACTIVE_COMPILATION_CONDITIONS = DEBUG;
				SWIFT_OPTIMIZATION_LEVEL = "-Onone";
			};
			name = Debug;
		};
		F9DC3ADE29C9943700BB2AA3 /* Release */ = {
			isa = XCBuildConfiguration;
			buildSettings = {
				ALWAYS_SEARCH_USER_PATHS = NO;
				CLANG_ANALYZER_NONNULL = YES;
				CLANG_ANALYZER_NUMBER_OBJECT_CONVERSION = YES_AGGRESSIVE;
				CLANG_CXX_LANGUAGE_STANDARD = "gnu++20";
				CLANG_ENABLE_MODULES = YES;
				CLANG_ENABLE_OBJC_ARC = YES;
				CLANG_ENABLE_OBJC_WEAK = YES;
				CLANG_WARN_BLOCK_CAPTURE_AUTORELEASING = YES;
				CLANG_WARN_BOOL_CONVERSION = YES;
				CLANG_WARN_COMMA = YES;
				CLANG_WARN_CONSTANT_CONVERSION = YES;
				CLANG_WARN_DEPRECATED_OBJC_IMPLEMENTATIONS = YES;
				CLANG_WARN_DIRECT_OBJC_ISA_USAGE = YES_ERROR;
				CLANG_WARN_DOCUMENTATION_COMMENTS = YES;
				CLANG_WARN_EMPTY_BODY = YES;
				CLANG_WARN_ENUM_CONVERSION = YES;
				CLANG_WARN_INFINITE_RECURSION = YES;
				CLANG_WARN_INT_CONVERSION = YES;
				CLANG_WARN_NON_LITERAL_NULL_CONVERSION = YES;
				CLANG_WARN_OBJC_IMPLICIT_RETAIN_SELF = YES;
				CLANG_WARN_OBJC_LITERAL_CONVERSION = YES;
				CLANG_WARN_OBJC_ROOT_CLASS = YES_ERROR;
				CLANG_WARN_QUOTED_INCLUDE_IN_FRAMEWORK_HEADER = YES;
				CLANG_WARN_RANGE_LOOP_ANALYSIS = YES;
				CLANG_WARN_STRICT_PROTOTYPES = YES;
				CLANG_WARN_SUSPICIOUS_MOVE = YES;
				CLANG_WARN_UNGUARDED_AVAILABILITY = YES_AGGRESSIVE;
				CLANG_WARN_UNREACHABLE_CODE = YES;
				CLANG_WARN__DUPLICATE_METHOD_MATCH = YES;
				COPY_PHASE_STRIP = NO;
				DEBUG_INFORMATION_FORMAT = "dwarf-with-dsym";
				ENABLE_NS_ASSERTIONS = NO;
				ENABLE_STRICT_OBJC_MSGSEND = YES;
				GCC_C_LANGUAGE_STANDARD = gnu11;
				GCC_NO_COMMON_BLOCKS = YES;
				GCC_WARN_64_TO_32_BIT_CONVERSION = YES;
				GCC_WARN_ABOUT_RETURN_TYPE = YES_ERROR;
				GCC_WARN_UNDECLARED_SELECTOR = YES;
				GCC_WARN_UNINITIALIZED_AUTOS = YES_AGGRESSIVE;
				GCC_WARN_UNUSED_FUNCTION = YES;
				GCC_WARN_UNUSED_VARIABLE = YES;
				IPHONEOS_DEPLOYMENT_TARGET = 16.2;
				MTL_ENABLE_DEBUG_INFO = NO;
				MTL_FAST_MATH = YES;
				SDKROOT = iphoneos;
				SWIFT_COMPILATION_MODE = wholemodule;
				SWIFT_OPTIMIZATION_LEVEL = "-O";
				VALIDATE_PRODUCT = YES;
			};
			name = Release;
		};
		F9DC3AE029C9943700BB2AA3 /* Debug */ = {
			isa = XCBuildConfiguration;
			buildSettings = {
				ASSETCATALOG_COMPILER_APPICON_NAME = AppIcon;
				ASSETCATALOG_COMPILER_GLOBAL_ACCENT_COLOR_NAME = AccentColor;
				CODE_SIGN_STYLE = Automatic;
				CURRENT_PROJECT_VERSION = 1;
				DEVELOPMENT_ASSET_PATHS = "\"experiment/Preview Content\"";
				DEVELOPMENT_TEAM = 2DMW5G3LV8;
				ENABLE_PREVIEWS = YES;
				GENERATE_INFOPLIST_FILE = YES;
				INFOPLIST_KEY_UIApplicationSceneManifest_Generation = YES;
				INFOPLIST_KEY_UIApplicationSupportsIndirectInputEvents = YES;
				INFOPLIST_KEY_UILaunchScreen_Generation = YES;
				INFOPLIST_KEY_UISupportedInterfaceOrientations_iPad = "UIInterfaceOrientationPortrait UIInterfaceOrientationPortraitUpsideDown UIInterfaceOrientationLandscapeLeft UIInterfaceOrientationLandscapeRight";
				INFOPLIST_KEY_UISupportedInterfaceOrientations_iPhone = "UIInterfaceOrientationPortrait UIInterfaceOrientationLandscapeLeft UIInterfaceOrientationLandscapeRight";
				LD_RUNPATH_SEARCH_PATHS = (
					"$(inherited)",
					"@executable_path/Frameworks",
				);
				MARKETING_VERSION = 1.0;
				PRODUCT_BUNDLE_IDENTIFIER = com.spritelab.experiment;
				PRODUCT_NAME = "$(TARGET_NAME)";
				SWIFT_EMIT_LOC_STRINGS = YES;
				SWIFT_VERSION = 5.0;
				TARGETED_DEVICE_FAMILY = "1,2";
			};
			name = Debug;
		};
		F9DC3AE129C9943700BB2AA3 /* Release */ = {
			isa = XCBuildConfiguration;
			buildSettings = {
				ASSETCATALOG_COMPILER_APPICON_NAME = AppIcon;
				ASSETCATALOG_COMPILER_GLOBAL_ACCENT_COLOR_NAME = AccentColor;
				CODE_SIGN_STYLE = Automatic;
				CURRENT_PROJECT_VERSION = 1;
				DEVELOPMENT_ASSET_PATHS = "\"experiment/Preview Content\"";
				DEVELOPMENT_TEAM = 2DMW5G3LV8;
				ENABLE_PREVIEWS = YES;
				GENERATE_INFOPLIST_FILE = YES;
				INFOPLIST_KEY_UIApplicationSceneManifest_Generation = YES;
				INFOPLIST_KEY_UIApplicationSupportsIndirectInputEvents = YES;
				INFOPLIST_KEY_UILaunchScreen_Generation = YES;
				INFOPLIST_KEY_UISupportedInterfaceOrientations_iPad = "UIInterfaceOrientationPortrait UIInterfaceOrientationPortraitUpsideDown UIInterfaceOrientationLandscapeLeft UIInterfaceOrientationLandscapeRight";
				INFOPLIST_KEY_UISupportedInterfaceOrientations_iPhone = "UIInterfaceOrientationPortrait UIInterfaceOrientationLandscapeLeft UIInterfaceOrientationLandscapeRight";
				LD_RUNPATH_SEARCH_PATHS = (
					"$(inherited)",
					"@executable_path/Frameworks",
				);
				MARKETING_VERSION = 1.0;
				PRODUCT_BUNDLE_IDENTIFIER = com.spritelab.experiment;
				PRODUCT_NAME = "$(TARGET_NAME)";
				SWIFT_EMIT_LOC_STRINGS = YES;
				SWIFT_VERSION = 5.0;
				TARGETED_DEVICE_FAMILY = "1,2";
			};
			name = Release;
		};
/* End XCBuildConfiguration section */

/* Begin XCConfigurationList section */
		F93976DB29CF07A100AE22AD /* Build configuration list for PBXNativeTarget "ConverterTest" */ = {
			isa = XCConfigurationList;
			buildConfigurations = (
				F93976DC29CF07A100AE22AD /* Debug */,
				F93976DD29CF07A100AE22AD /* Release */,
			);
			defaultConfigurationIsVisible = 0;
			defaultConfigurationName = Release;
		};
		F939770329CF512E00AE22AD /* Build configuration list for PBXNativeTarget "experiment_UITests" */ = {
			isa = XCConfigurationList;
			buildConfigurations = (
				F939770429CF512E00AE22AD /* Debug */,
				F939770529CF512E00AE22AD /* Release */,
			);
			defaultConfigurationIsVisible = 0;
			defaultConfigurationName = Release;
		};
		F9DC3ACC29C9943400BB2AA3 /* Build configuration list for PBXProject "experiment" */ = {
			isa = XCConfigurationList;
			buildConfigurations = (
				F9DC3ADD29C9943700BB2AA3 /* Debug */,
				F9DC3ADE29C9943700BB2AA3 /* Release */,
			);
			defaultConfigurationIsVisible = 0;
			defaultConfigurationName = Release;
		};
		F9DC3ADF29C9943700BB2AA3 /* Build configuration list for PBXNativeTarget "experiment" */ = {
			isa = XCConfigurationList;
			buildConfigurations = (
				F9DC3AE029C9943700BB2AA3 /* Debug */,
				F9DC3AE129C9943700BB2AA3 /* Release */,
			);
			defaultConfigurationIsVisible = 0;
			defaultConfigurationName = Release;
		};
/* End XCConfigurationList section */

/* Begin XCVersionGroup section */
		F91B27AE29FC171D00CFBA0A /* ExperimentDataModel.xcdatamodeld */ = {
			isa = XCVersionGroup;
			children = (
				F91B27AF29FC171D00CFBA0A /* ExperimentDataModel.xcdatamodel */,
			);
			currentVersion = F91B27AF29FC171D00CFBA0A /* ExperimentDataModel.xcdatamodel */;
			path = ExperimentDataModel.xcdatamodeld;
			sourceTree = "<group>";
			versionGroupType = wrapper.xcdatamodel;
		};
/* End XCVersionGroup section */
	};
	rootObject = F9DC3AC929C9943400BB2AA3 /* Project object */;
}
