// !$*UTF8*$!
{
	archiveVersion = 1;
	classes = {
	};
	objectVersion = 56;
	objects = {

/* Begin PBXBuildFile section */
		F939768329CDE10700AE22AD /* FrameView.swift in Sources */ = {isa = PBXBuildFile; fileRef = F939768229CDE10700AE22AD /* FrameView.swift */; };
		F939768529CDE12900AE22AD /* ExperimentMenuView.swift in Sources */ = {isa = PBXBuildFile; fileRef = F939768429CDE12900AE22AD /* ExperimentMenuView.swift */; };
		F939768729CDEE3700AE22AD /* ExtractSubviewsView.swift in Sources */ = {isa = PBXBuildFile; fileRef = F939768629CDEE3700AE22AD /* ExtractSubviewsView.swift */; };
		F939768A29CDFA6F00AE22AD /* BindingView.swift in Sources */ = {isa = PBXBuildFile; fileRef = F939768929CDFA6F00AE22AD /* BindingView.swift */; };
		F9DC3AD529C9943500BB2AA3 /* ExperimentApp.swift in Sources */ = {isa = PBXBuildFile; fileRef = F9DC3AD429C9943500BB2AA3 /* ExperimentApp.swift */; };
		F9DC3AD729C9943500BB2AA3 /* ColorView.swift in Sources */ = {isa = PBXBuildFile; fileRef = F9DC3AD629C9943500BB2AA3 /* ColorView.swift */; };
		F9DC3AD929C9943700BB2AA3 /* Assets.xcassets in Resources */ = {isa = PBXBuildFile; fileRef = F9DC3AD829C9943700BB2AA3 /* Assets.xcassets */; };
		F9DC3ADC29C9943700BB2AA3 /* Preview Assets.xcassets in Resources */ = {isa = PBXBuildFile; fileRef = F9DC3ADB29C9943700BB2AA3 /* Preview Assets.xcassets */; };
		F9E8AFBD29CB393500A3441A /* TabBarView.swift in Sources */ = {isa = PBXBuildFile; fileRef = F9E8AFBC29CB393500A3441A /* TabBarView.swift */; };
		F9E8AFBF29CBA95100A3441A /* CallBackView.swift in Sources */ = {isa = PBXBuildFile; fileRef = F9E8AFBE29CBA95100A3441A /* CallBackView.swift */; };
/* End PBXBuildFile section */

/* Begin PBXFileReference section */
		F939768229CDE10700AE22AD /* FrameView.swift */ = {isa = PBXFileReference; lastKnownFileType = sourcecode.swift; path = FrameView.swift; sourceTree = "<group>"; };
		F939768429CDE12900AE22AD /* ExperimentMenuView.swift */ = {isa = PBXFileReference; lastKnownFileType = sourcecode.swift; path = ExperimentMenuView.swift; sourceTree = "<group>"; };
		F939768629CDEE3700AE22AD /* ExtractSubviewsView.swift */ = {isa = PBXFileReference; lastKnownFileType = sourcecode.swift; path = ExtractSubviewsView.swift; sourceTree = "<group>"; };
		F939768929CDFA6F00AE22AD /* BindingView.swift */ = {isa = PBXFileReference; lastKnownFileType = sourcecode.swift; path = BindingView.swift; sourceTree = "<group>"; };
		F9DC3AD129C9943500BB2AA3 /* experiment.app */ = {isa = PBXFileReference; explicitFileType = wrapper.application; includeInIndex = 0; path = experiment.app; sourceTree = BUILT_PRODUCTS_DIR; };
		F9DC3AD429C9943500BB2AA3 /* ExperimentApp.swift */ = {isa = PBXFileReference; lastKnownFileType = sourcecode.swift; path = ExperimentApp.swift; sourceTree = "<group>"; };
		F9DC3AD629C9943500BB2AA3 /* ColorView.swift */ = {isa = PBXFileReference; lastKnownFileType = sourcecode.swift; path = ColorView.swift; sourceTree = "<group>"; };
		F9DC3AD829C9943700BB2AA3 /* Assets.xcassets */ = {isa = PBXFileReference; lastKnownFileType = folder.assetcatalog; path = Assets.xcassets; sourceTree = "<group>"; };
		F9DC3ADB29C9943700BB2AA3 /* Preview Assets.xcassets */ = {isa = PBXFileReference; lastKnownFileType = folder.assetcatalog; path = "Preview Assets.xcassets"; sourceTree = "<group>"; };
		F9E8AFBC29CB393500A3441A /* TabBarView.swift */ = {isa = PBXFileReference; lastKnownFileType = sourcecode.swift; path = TabBarView.swift; sourceTree = "<group>"; };
		F9E8AFBE29CBA95100A3441A /* CallBackView.swift */ = {isa = PBXFileReference; lastKnownFileType = sourcecode.swift; path = CallBackView.swift; sourceTree = "<group>"; };
/* End PBXFileReference section */

/* Begin PBXFrameworksBuildPhase section */
		F9DC3ACE29C9943500BB2AA3 /* Frameworks */ = {
			isa = PBXFrameworksBuildPhase;
			buildActionMask = 2147483647;
			files = (
			);
			runOnlyForDeploymentPostprocessing = 0;
		};
/* End PBXFrameworksBuildPhase section */

/* Begin PBXGroup section */
		F939768829CDFA3F00AE22AD /* views */ = {
			isa = PBXGroup;
			children = (
				F939768429CDE12900AE22AD /* ExperimentMenuView.swift */,
				F9DC3AD629C9943500BB2AA3 /* ColorView.swift */,
				F9E8AFBC29CB393500A3441A /* TabBarView.swift */,
				F9E8AFBE29CBA95100A3441A /* CallBackView.swift */,
				F939768229CDE10700AE22AD /* FrameView.swift */,
				F939768629CDEE3700AE22AD /* ExtractSubviewsView.swift */,
				F939768929CDFA6F00AE22AD /* BindingView.swift */,
			);
			path = views;
			sourceTree = "<group>";
		};
		F9DC3AC829C9943400BB2AA3 = {
			isa = PBXGroup;
			children = (
				F9DC3AD329C9943500BB2AA3 /* experiment */,
				F9DC3AD229C9943500BB2AA3 /* Products */,
			);
			sourceTree = "<group>";
		};
		F9DC3AD229C9943500BB2AA3 /* Products */ = {
			isa = PBXGroup;
			children = (
				F9DC3AD129C9943500BB2AA3 /* experiment.app */,
			);
			name = Products;
			sourceTree = "<group>";
		};
		F9DC3AD329C9943500BB2AA3 /* experiment */ = {
			isa = PBXGroup;
			children = (
				F9DC3AD429C9943500BB2AA3 /* ExperimentApp.swift */,
				F939768829CDFA3F00AE22AD /* views */,
				F9DC3AD829C9943700BB2AA3 /* Assets.xcassets */,
				F9DC3ADA29C9943700BB2AA3 /* Preview Content */,
			);
			path = experiment;
			sourceTree = "<group>";
		};
		F9DC3ADA29C9943700BB2AA3 /* Preview Content */ = {
			isa = PBXGroup;
			children = (
				F9DC3ADB29C9943700BB2AA3 /* Preview Assets.xcassets */,
			);
			path = "Preview Content";
			sourceTree = "<group>";
		};
/* End PBXGroup section */

/* Begin PBXNativeTarget section */
		F9DC3AD029C9943500BB2AA3 /* experiment */ = {
			isa = PBXNativeTarget;
			buildConfigurationList = F9DC3ADF29C9943700BB2AA3 /* Build configuration list for PBXNativeTarget "experiment" */;
			buildPhases = (
				F9DC3ACD29C9943500BB2AA3 /* Sources */,
				F9DC3ACE29C9943500BB2AA3 /* Frameworks */,
				F9DC3ACF29C9943500BB2AA3 /* Resources */,
			);
			buildRules = (
			);
			dependencies = (
			);
			name = experiment;
			productName = experiment;
			productReference = F9DC3AD129C9943500BB2AA3 /* experiment.app */;
			productType = "com.apple.product-type.application";
		};
/* End PBXNativeTarget section */

/* Begin PBXProject section */
		F9DC3AC929C9943400BB2AA3 /* Project object */ = {
			isa = PBXProject;
			attributes = {
				BuildIndependentTargetsInParallel = 1;
				LastSwiftUpdateCheck = 1420;
				LastUpgradeCheck = 1420;
				TargetAttributes = {
					F9DC3AD029C9943500BB2AA3 = {
						CreatedOnToolsVersion = 14.2;
					};
				};
			};
			buildConfigurationList = F9DC3ACC29C9943400BB2AA3 /* Build configuration list for PBXProject "experiment" */;
			compatibilityVersion = "Xcode 14.0";
			developmentRegion = en;
			hasScannedForEncodings = 0;
			knownRegions = (
				en,
				Base,
			);
			mainGroup = F9DC3AC829C9943400BB2AA3;
			productRefGroup = F9DC3AD229C9943500BB2AA3 /* Products */;
			projectDirPath = "";
			projectRoot = "";
			targets = (
				F9DC3AD029C9943500BB2AA3 /* experiment */,
			);
		};
/* End PBXProject section */

/* Begin PBXResourcesBuildPhase section */
		F9DC3ACF29C9943500BB2AA3 /* Resources */ = {
			isa = PBXResourcesBuildPhase;
			buildActionMask = 2147483647;
			files = (
				F9DC3ADC29C9943700BB2AA3 /* Preview Assets.xcassets in Resources */,
				F9DC3AD929C9943700BB2AA3 /* Assets.xcassets in Resources */,
			);
			runOnlyForDeploymentPostprocessing = 0;
		};
/* End PBXResourcesBuildPhase section */

/* Begin PBXSourcesBuildPhase section */
		F9DC3ACD29C9943500BB2AA3 /* Sources */ = {
			isa = PBXSourcesBuildPhase;
			buildActionMask = 2147483647;
			files = (
				F9E8AFBF29CBA95100A3441A /* CallBackView.swift in Sources */,
				F9DC3AD729C9943500BB2AA3 /* ColorView.swift in Sources */,
				F939768A29CDFA6F00AE22AD /* BindingView.swift in Sources */,
				F9E8AFBD29CB393500A3441A /* TabBarView.swift in Sources */,
				F939768329CDE10700AE22AD /* FrameView.swift in Sources */,
				F939768529CDE12900AE22AD /* ExperimentMenuView.swift in Sources */,
				F9DC3AD529C9943500BB2AA3 /* ExperimentApp.swift in Sources */,
				F939768729CDEE3700AE22AD /* ExtractSubviewsView.swift in Sources */,
			);
			runOnlyForDeploymentPostprocessing = 0;
		};
/* End PBXSourcesBuildPhase section */

/* Begin XCBuildConfiguration section */
		F9DC3ADD29C9943700BB2AA3 /* Debug */ = {
			isa = XCBuildConfiguration;
			buildSettings = {
				ALWAYS_SEARCH_USER_PATHS = NO;
				CLANG_ANALYZER_NONNULL = YES;
				CLANG_ANALYZER_NUMBER_OBJECT_CONVERSION = YES_AGGRESSIVE;
				CLANG_CXX_LANGUAGE_STANDARD = "gnu++20";
				CLANG_ENABLE_MODULES = YES;
				CLANG_ENABLE_OBJC_ARC = YES;
				CLANG_ENABLE_OBJC_WEAK = YES;
				CLANG_WARN_BLOCK_CAPTURE_AUTORELEASING = YES;
				CLANG_WARN_BOOL_CONVERSION = YES;
				CLANG_WARN_COMMA = YES;
				CLANG_WARN_CONSTANT_CONVERSION = YES;
				CLANG_WARN_DEPRECATED_OBJC_IMPLEMENTATIONS = YES;
				CLANG_WARN_DIRECT_OBJC_ISA_USAGE = YES_ERROR;
				CLANG_WARN_DOCUMENTATION_COMMENTS = YES;
				CLANG_WARN_EMPTY_BODY = YES;
				CLANG_WARN_ENUM_CONVERSION = YES;
				CLANG_WARN_INFINITE_RECURSION = YES;
				CLANG_WARN_INT_CONVERSION = YES;
				CLANG_WARN_NON_LITERAL_NULL_CONVERSION = YES;
				CLANG_WARN_OBJC_IMPLICIT_RETAIN_SELF = YES;
				CLANG_WARN_OBJC_LITERAL_CONVERSION = YES;
				CLANG_WARN_OBJC_ROOT_CLASS = YES_ERROR;
				CLANG_WARN_QUOTED_INCLUDE_IN_FRAMEWORK_HEADER = YES;
				CLANG_WARN_RANGE_LOOP_ANALYSIS = YES;
				CLANG_WARN_STRICT_PROTOTYPES = YES;
				CLANG_WARN_SUSPICIOUS_MOVE = YES;
				CLANG_WARN_UNGUARDED_AVAILABILITY = YES_AGGRESSIVE;
				CLANG_WARN_UNREACHABLE_CODE = YES;
				CLANG_WARN__DUPLICATE_METHOD_MATCH = YES;
				COPY_PHASE_STRIP = NO;
				DEBUG_INFORMATION_FORMAT = dwarf;
				ENABLE_STRICT_OBJC_MSGSEND = YES;
				ENABLE_TESTABILITY = YES;
				GCC_C_LANGUAGE_STANDARD = gnu11;
				GCC_DYNAMIC_NO_PIC = NO;
				GCC_NO_COMMON_BLOCKS = YES;
				GCC_OPTIMIZATION_LEVEL = 0;
				GCC_PREPROCESSOR_DEFINITIONS = (
					"DEBUG=1",
					"$(inherited)",
				);
				GCC_WARN_64_TO_32_BIT_CONVERSION = YES;
				GCC_WARN_ABOUT_RETURN_TYPE = YES_ERROR;
				GCC_WARN_UNDECLARED_SELECTOR = YES;
				GCC_WARN_UNINITIALIZED_AUTOS = YES_AGGRESSIVE;
				GCC_WARN_UNUSED_FUNCTION = YES;
				GCC_WARN_UNUSED_VARIABLE = YES;
				IPHONEOS_DEPLOYMENT_TARGET = 16.2;
				MTL_ENABLE_DEBUG_INFO = INCLUDE_SOURCE;
				MTL_FAST_MATH = YES;
				ONLY_ACTIVE_ARCH = YES;
				SDKROOT = iphoneos;
				SWIFT_ACTIVE_COMPILATION_CONDITIONS = DEBUG;
				SWIFT_OPTIMIZATION_LEVEL = "-Onone";
			};
			name = Debug;
		};
		F9DC3ADE29C9943700BB2AA3 /* Release */ = {
			isa = XCBuildConfiguration;
			buildSettings = {
				ALWAYS_SEARCH_USER_PATHS = NO;
				CLANG_ANALYZER_NONNULL = YES;
				CLANG_ANALYZER_NUMBER_OBJECT_CONVERSION = YES_AGGRESSIVE;
				CLANG_CXX_LANGUAGE_STANDARD = "gnu++20";
				CLANG_ENABLE_MODULES = YES;
				CLANG_ENABLE_OBJC_ARC = YES;
				CLANG_ENABLE_OBJC_WEAK = YES;
				CLANG_WARN_BLOCK_CAPTURE_AUTORELEASING = YES;
				CLANG_WARN_BOOL_CONVERSION = YES;
				CLANG_WARN_COMMA = YES;
				CLANG_WARN_CONSTANT_CONVERSION = YES;
				CLANG_WARN_DEPRECATED_OBJC_IMPLEMENTATIONS = YES;
				CLANG_WARN_DIRECT_OBJC_ISA_USAGE = YES_ERROR;
				CLANG_WARN_DOCUMENTATION_COMMENTS = YES;
				CLANG_WARN_EMPTY_BODY = YES;
				CLANG_WARN_ENUM_CONVERSION = YES;
				CLANG_WARN_INFINITE_RECURSION = YES;
				CLANG_WARN_INT_CONVERSION = YES;
				CLANG_WARN_NON_LITERAL_NULL_CONVERSION = YES;
				CLANG_WARN_OBJC_IMPLICIT_RETAIN_SELF = YES;
				CLANG_WARN_OBJC_LITERAL_CONVERSION = YES;
				CLANG_WARN_OBJC_ROOT_CLASS = YES_ERROR;
				CLANG_WARN_QUOTED_INCLUDE_IN_FRAMEWORK_HEADER = YES;
				CLANG_WARN_RANGE_LOOP_ANALYSIS = YES;
				CLANG_WARN_STRICT_PROTOTYPES = YES;
				CLANG_WARN_SUSPICIOUS_MOVE = YES;
				CLANG_WARN_UNGUARDED_AVAILABILITY = YES_AGGRESSIVE;
				CLANG_WARN_UNREACHABLE_CODE = YES;
				CLANG_WARN__DUPLICATE_METHOD_MATCH = YES;
				COPY_PHASE_STRIP = NO;
				DEBUG_INFORMATION_FORMAT = "dwarf-with-dsym";
				ENABLE_NS_ASSERTIONS = NO;
				ENABLE_STRICT_OBJC_MSGSEND = YES;
				GCC_C_LANGUAGE_STANDARD = gnu11;
				GCC_NO_COMMON_BLOCKS = YES;
				GCC_WARN_64_TO_32_BIT_CONVERSION = YES;
				GCC_WARN_ABOUT_RETURN_TYPE = YES_ERROR;
				GCC_WARN_UNDECLARED_SELECTOR = YES;
				GCC_WARN_UNINITIALIZED_AUTOS = YES_AGGRESSIVE;
				GCC_WARN_UNUSED_FUNCTION = YES;
				GCC_WARN_UNUSED_VARIABLE = YES;
				IPHONEOS_DEPLOYMENT_TARGET = 16.2;
				MTL_ENABLE_DEBUG_INFO = NO;
				MTL_FAST_MATH = YES;
				SDKROOT = iphoneos;
				SWIFT_COMPILATION_MODE = wholemodule;
				SWIFT_OPTIMIZATION_LEVEL = "-O";
				VALIDATE_PRODUCT = YES;
			};
			name = Release;
		};
		F9DC3AE029C9943700BB2AA3 /* Debug */ = {
			isa = XCBuildConfiguration;
			buildSettings = {
				ASSETCATALOG_COMPILER_APPICON_NAME = AppIcon;
				ASSETCATALOG_COMPILER_GLOBAL_ACCENT_COLOR_NAME = AccentColor;
				CODE_SIGN_STYLE = Automatic;
				CURRENT_PROJECT_VERSION = 1;
				DEVELOPMENT_ASSET_PATHS = "\"experiment/Preview Content\"";
				DEVELOPMENT_TEAM = 2DMW5G3LV8;
				ENABLE_PREVIEWS = YES;
				GENERATE_INFOPLIST_FILE = YES;
				INFOPLIST_KEY_UIApplicationSceneManifest_Generation = YES;
				INFOPLIST_KEY_UIApplicationSupportsIndirectInputEvents = YES;
				INFOPLIST_KEY_UILaunchScreen_Generation = YES;
				INFOPLIST_KEY_UISupportedInterfaceOrientations_iPad = "UIInterfaceOrientationPortrait UIInterfaceOrientationPortraitUpsideDown UIInterfaceOrientationLandscapeLeft UIInterfaceOrientationLandscapeRight";
				INFOPLIST_KEY_UISupportedInterfaceOrientations_iPhone = "UIInterfaceOrientationPortrait UIInterfaceOrientationLandscapeLeft UIInterfaceOrientationLandscapeRight";
				LD_RUNPATH_SEARCH_PATHS = (
					"$(inherited)",
					"@executable_path/Frameworks",
				);
				MARKETING_VERSION = 1.0;
				PRODUCT_BUNDLE_IDENTIFIER = com.spritelab.experiment;
				PRODUCT_NAME = "$(TARGET_NAME)";
				SWIFT_EMIT_LOC_STRINGS = YES;
				SWIFT_VERSION = 5.0;
				TARGETED_DEVICE_FAMILY = "1,2";
			};
			name = Debug;
		};
		F9DC3AE129C9943700BB2AA3 /* Release */ = {
			isa = XCBuildConfiguration;
			buildSettings = {
				ASSETCATALOG_COMPILER_APPICON_NAME = AppIcon;
				ASSETCATALOG_COMPILER_GLOBAL_ACCENT_COLOR_NAME = AccentColor;
				CODE_SIGN_STYLE = Automatic;
				CURRENT_PROJECT_VERSION = 1;
				DEVELOPMENT_ASSET_PATHS = "\"experiment/Preview Content\"";
				DEVELOPMENT_TEAM = 2DMW5G3LV8;
				ENABLE_PREVIEWS = YES;
				GENERATE_INFOPLIST_FILE = YES;
				INFOPLIST_KEY_UIApplicationSceneManifest_Generation = YES;
				INFOPLIST_KEY_UIApplicationSupportsIndirectInputEvents = YES;
				INFOPLIST_KEY_UILaunchScreen_Generation = YES;
				INFOPLIST_KEY_UISupportedInterfaceOrientations_iPad = "UIInterfaceOrientationPortrait UIInterfaceOrientationPortraitUpsideDown UIInterfaceOrientationLandscapeLeft UIInterfaceOrientationLandscapeRight";
				INFOPLIST_KEY_UISupportedInterfaceOrientations_iPhone = "UIInterfaceOrientationPortrait UIInterfaceOrientationLandscapeLeft UIInterfaceOrientationLandscapeRight";
				LD_RUNPATH_SEARCH_PATHS = (
					"$(inherited)",
					"@executable_path/Frameworks",
				);
				MARKETING_VERSION = 1.0;
				PRODUCT_BUNDLE_IDENTIFIER = com.spritelab.experiment;
				PRODUCT_NAME = "$(TARGET_NAME)";
				SWIFT_EMIT_LOC_STRINGS = YES;
				SWIFT_VERSION = 5.0;
				TARGETED_DEVICE_FAMILY = "1,2";
			};
			name = Release;
		};
/* End XCBuildConfiguration section */

/* Begin XCConfigurationList section */
		F9DC3ACC29C9943400BB2AA3 /* Build configuration list for PBXProject "experiment" */ = {
			isa = XCConfigurationList;
			buildConfigurations = (
				F9DC3ADD29C9943700BB2AA3 /* Debug */,
				F9DC3ADE29C9943700BB2AA3 /* Release */,
			);
			defaultConfigurationIsVisible = 0;
			defaultConfigurationName = Release;
		};
		F9DC3ADF29C9943700BB2AA3 /* Build configuration list for PBXNativeTarget "experiment" */ = {
			isa = XCConfigurationList;
			buildConfigurations = (
				F9DC3AE029C9943700BB2AA3 /* Debug */,
				F9DC3AE129C9943700BB2AA3 /* Release */,
			);
			defaultConfigurationIsVisible = 0;
			defaultConfigurationName = Release;
		};
/* End XCConfigurationList section */
	};
	rootObject = F9DC3AC929C9943400BB2AA3 /* Project object */;
}
